
Microsoft Visual Studio Solution File, Format Version 12.00
# Visual Studio Version 17
VisualStudioVersion = 17.0.32014.148
MinimumVisualStudioVersion = 10.0.40219.1
Project("{2150E333-8FDC-42A3-9474-1A3956D46DE8}") = "Solution Items", "Solution Items", "{391ACB85-945C-4798-A486-03F9EB1EBFC2}"
	ProjectSection(SolutionItems) = preProject
		.gitattributes = .gitattributes
		.gitignore = .gitignore
		.tfignore = .tfignore
		buckramega.png = buckramega.png
		LICENSE.md = LICENSE.md
		.nuget\nuget.config = .nuget\nuget.config
		publish.bat = publish.bat
		sign.pfx = sign.pfx
	EndProjectSection
EndProject
Project("{9A19103F-16F7-4668-BE54-9A1E7A4F7556}") = "Identity.Core", "Identity.Core\Identity.Core.csproj", "{78C73580-BAE6-47F9-8CA2-9D7396896FEB}"
EndProject
Project("{9A19103F-16F7-4668-BE54-9A1E7A4F7556}") = "Identity.Data", "Identity.Data\Identity.Data.csproj", "{B8170657-29AA-490A-8240-1FC37741F901}"
EndProject
Project("{2150E333-8FDC-42A3-9474-1A3956D46DE8}") = "Sample", "Sample", "{2027A6F5-E366-4E95-BC36-EAA9CC4883B5}"
EndProject
Project("{9A19103F-16F7-4668-BE54-9A1E7A4F7556}") = "Identity.Sample.Core", "Sample\Identity.Sample.Core\Identity.Sample.Core.csproj", "{2B329C23-A734-48B0-9F72-977DB8A2A18E}"
EndProject
Project("{9A19103F-16F7-4668-BE54-9A1E7A4F7556}") = "Identity.Sample.Data", "Sample\Identity.Sample.Data\Identity.Sample.Data.csproj", "{498C5932-A173-456F-891E-6194BD60AE01}"
EndProject
Project("{9A19103F-16F7-4668-BE54-9A1E7A4F7556}") = "Identity.Sample.UI", "Sample\Identity.Sample.UI\Identity.Sample.UI.csproj", "{CFE402D3-9F38-46C7-9AAF-4DC98A9B0F03}"
EndProject
Global
	GlobalSection(SolutionConfigurationPlatforms) = preSolution
		Debug|Any CPU = Debug|Any CPU
		Debug|x64 = Debug|x64
		Debug|x86 = Debug|x86
		Release|Any CPU = Release|Any CPU
		Release|x64 = Release|x64
		Release|x86 = Release|x86
	EndGlobalSection
	GlobalSection(ProjectConfigurationPlatforms) = postSolution
		{78C73580-BAE6-47F9-8CA2-9D7396896FEB}.Debug|Any CPU.ActiveCfg = Debug|Any CPU
		{78C73580-BAE6-47F9-8CA2-9D7396896FEB}.Debug|Any CPU.Build.0 = Debug|Any CPU
		{78C73580-BAE6-47F9-8CA2-9D7396896FEB}.Debug|x64.ActiveCfg = Debug|x64
		{78C73580-BAE6-47F9-8CA2-9D7396896FEB}.Debug|x64.Build.0 = Debug|x64
		{78C73580-BAE6-47F9-8CA2-9D7396896FEB}.Debug|x86.ActiveCfg = Debug|x86
		{78C73580-BAE6-47F9-8CA2-9D7396896FEB}.Debug|x86.Build.0 = Debug|x86
		{78C73580-BAE6-47F9-8CA2-9D7396896FEB}.Release|Any CPU.ActiveCfg = Release|Any CPU
		{78C73580-BAE6-47F9-8CA2-9D7396896FEB}.Release|Any CPU.Build.0 = Release|Any CPU
		{78C73580-BAE6-47F9-8CA2-9D7396896FEB}.Release|x64.ActiveCfg = Release|x64
		{78C73580-BAE6-47F9-8CA2-9D7396896FEB}.Release|x64.Build.0 = Release|x64
		{78C73580-BAE6-47F9-8CA2-9D7396896FEB}.Release|x86.ActiveCfg = Release|x86
		{78C73580-BAE6-47F9-8CA2-9D7396896FEB}.Release|x86.Build.0 = Release|x86
		{B8170657-29AA-490A-8240-1FC37741F901}.Debug|Any CPU.ActiveCfg = Debug|Any CPU
		{B8170657-29AA-490A-8240-1FC37741F901}.Debug|Any CPU.Build.0 = Debug|Any CPU
		{B8170657-29AA-490A-8240-1FC37741F901}.Debug|x64.ActiveCfg = Debug|x64
		{B8170657-29AA-490A-8240-1FC37741F901}.Debug|x64.Build.0 = Debug|x64
		{B8170657-29AA-490A-8240-1FC37741F901}.Debug|x86.ActiveCfg = Debug|x86
		{B8170657-29AA-490A-8240-1FC37741F901}.Debug|x86.Build.0 = Debug|x86
		{B8170657-29AA-490A-8240-1FC37741F901}.Release|Any CPU.ActiveCfg = Release|Any CPU
		{B8170657-29AA-490A-8240-1FC37741F901}.Release|Any CPU.Build.0 = Release|Any CPU
		{B8170657-29AA-490A-8240-1FC37741F901}.Release|x64.ActiveCfg = Release|x64
		{B8170657-29AA-490A-8240-1FC37741F901}.Release|x64.Build.0 = Release|x64
		{B8170657-29AA-490A-8240-1FC37741F901}.Release|x86.ActiveCfg = Release|x86
		{B8170657-29AA-490A-8240-1FC37741F901}.Release|x86.Build.0 = Release|x86
		{2B329C23-A734-48B0-9F72-977DB8A2A18E}.Debug|Any CPU.ActiveCfg = Debug|Any CPU
		{2B329C23-A734-48B0-9F72-977DB8A2A18E}.Debug|Any CPU.Build.0 = Debug|Any CPU
		{2B329C23-A734-48B0-9F72-977DB8A2A18E}.Debug|x64.ActiveCfg = Debug|x64
		{2B329C23-A734-48B0-9F72-977DB8A2A18E}.Debug|x64.Build.0 = Debug|x64
		{2B329C23-A734-48B0-9F72-977DB8A2A18E}.Debug|x86.ActiveCfg = Debug|x86
		{2B329C23-A734-48B0-9F72-977DB8A2A18E}.Debug|x86.Build.0 = Debug|x86
		{2B329C23-A734-48B0-9F72-977DB8A2A18E}.Release|Any CPU.ActiveCfg = Release|Any CPU
		{2B329C23-A734-48B0-9F72-977DB8A2A18E}.Release|Any CPU.Build.0 = Release|Any CPU
		{2B329C23-A734-48B0-9F72-977DB8A2A18E}.Release|x64.ActiveCfg = Release|x64
		{2B329C23-A734-48B0-9F72-977DB8A2A18E}.Release|x64.Build.0 = Release|x64
		{2B329C23-A734-48B0-9F72-977DB8A2A18E}.Release|x86.ActiveCfg = Release|x86
		{2B329C23-A734-48B0-9F72-977DB8A2A18E}.Release|x86.Build.0 = Release|x86
		{498C5932-A173-456F-891E-6194BD60AE01}.Debug|Any CPU.ActiveCfg = Debug|Any CPU
		{498C5932-A173-456F-891E-6194BD60AE01}.Debug|Any CPU.Build.0 = Debug|Any CPU
		{498C5932-A173-456F-891E-6194BD60AE01}.Debug|x64.ActiveCfg = Debug|x64
		{498C5932-A173-456F-891E-6194BD60AE01}.Debug|x64.Build.0 = Debug|x64
		{498C5932-A173-456F-891E-6194BD60AE01}.Debug|x86.ActiveCfg = Debug|x86
		{498C5932-A173-456F-891E-6194BD60AE01}.Debug|x86.Build.0 = Debug|x86
		{498C5932-A173-456F-891E-6194BD60AE01}.Release|Any CPU.ActiveCfg = Release|Any CPU
		{498C5932-A173-456F-891E-6194BD60AE01}.Release|Any CPU.Build.0 = Release|Any CPU
		{498C5932-A173-456F-891E-6194BD60AE01}.Release|x64.ActiveCfg = Release|x64
		{498C5932-A173-456F-891E-6194BD60AE01}.Release|x64.Build.0 = Release|x64
		{498C5932-A173-456F-891E-6194BD60AE01}.Release|x86.ActiveCfg = Release|x86
		{498C5932-A173-456F-891E-6194BD60AE01}.Release|x86.Build.0 = Release|x86
		{CFE402D3-9F38-46C7-9AAF-4DC98A9B0F03}.Debug|Any CPU.ActiveCfg = Debug|Any CPU
		{CFE402D3-9F38-46C7-9AAF-4DC98A9B0F03}.Debug|Any CPU.Build.0 = Debug|Any CPU
		{CFE402D3-9F38-46C7-9AAF-4DC98A9B0F03}.Debug|x64.ActiveCfg = Debug|x64
		{CFE402D3-9F38-46C7-9AAF-4DC98A9B0F03}.Debug|x64.Build.0 = Debug|x64
		{CFE402D3-9F38-46C7-9AAF-4DC98A9B0F03}.Debug|x86.ActiveCfg = Debug|x86
		{CFE402D3-9F38-46C7-9AAF-4DC98A9B0F03}.Debug|x86.Build.0 = Debug|x86
		{CFE402D3-9F38-46C7-9AAF-4DC98A9B0F03}.Release|Any CPU.ActiveCfg = Release|Any CPU
		{CFE402D3-9F38-46C7-9AAF-4DC98A9B0F03}.Release|Any CPU.Build.0 = Release|Any CPU
		{CFE402D3-9F38-46C7-9AAF-4DC98A9B0F03}.Release|x64.ActiveCfg = Release|x64
		{CFE402D3-9F38-46C7-9AAF-4DC98A9B0F03}.Release|x64.Build.0 = Release|x64
		{CFE402D3-9F38-46C7-9AAF-4DC98A9B0F03}.Release|x86.ActiveCfg = Release|x86
		{CFE402D3-9F38-46C7-9AAF-4DC98A9B0F03}.Release|x86.Build.0 = Release|x86
	EndGlobalSection
	GlobalSection(SolutionProperties) = preSolution
		HideSolutionNode = FALSE
	EndGlobalSection
	GlobalSection(NestedProjects) = preSolution
		{2B329C23-A734-48B0-9F72-977DB8A2A18E} = {2027A6F5-E366-4E95-BC36-EAA9CC4883B5}
		{498C5932-A173-456F-891E-6194BD60AE01} = {2027A6F5-E366-4E95-BC36-EAA9CC4883B5}
		{CFE402D3-9F38-46C7-9AAF-4DC98A9B0F03} = {2027A6F5-E366-4E95-BC36-EAA9CC4883B5}
	EndGlobalSection
	GlobalSection(ExtensibilityGlobals) = postSolution
		SolutionGuid = {64C519D3-02FB-49B2-89A1-EE4837D6197C}
	EndGlobalSection
EndGlobal
